
Microsoft Visual Studio Solution File, Format Version 12.00
# Visual Studio Version 16
VisualStudioVersion = 16.0.30503.244
MinimumVisualStudioVersion = 10.0.40219.1
Project("{FAE04EC0-301F-11D3-BF4B-00C04F79EFBC}") = "MusicLibrary", "MusicLibrary\MusicLibrary.csproj", "{BDA3F4DB-31E4-419E-A87D-719DE5E83632}"
EndProject
Global
	GlobalSection(SolutionConfigurationPlatforms) = preSolution
		Debug|Any CPU = Debug|Any CPU
		Release|Any CPU = Release|Any CPU
	EndGlobalSection
	GlobalSection(ProjectConfigurationPlatforms) = postSolution
		{BDA3F4DB-31E4-419E-A87D-719DE5E83632}.Debug|Any CPU.ActiveCfg = Debug|Any CPU
		{BDA3F4DB-31E4-419E-A87D-719DE5E83632}.Debug|Any CPU.Build.0 = Debug|Any CPU
		{BDA3F4DB-31E4-419E-A87D-719DE5E83632}.Release|Any CPU.ActiveCfg = Release|Any CPU
		{BDA3F4DB-31E4-419E-A87D-719DE5E83632}.Release|Any CPU.Build.0 = Release|Any CPU
	EndGlobalSection
	GlobalSection(SolutionProperties) = preSolution
		HideSolutionNode = FALSE
	EndGlobalSection
	GlobalSection(ExtensibilityGlobals) = postSolution
		SolutionGuid = {E635F567-BDB4-4AB7-8531-CF9DCCF2BD2A}
	EndGlobalSection
EndGlobal
